Microsoft Visual Studio Solution File, Format Version 12.00
# Visual Studio Version 17
VisualStudioVersion = 17.5.2.0
MinimumVisualStudioVersion = 10.0.40219.1
Project("{FAE04EC0-301F-11D3-BF4B-00C04F79EFBC}") = "SpotiDialBackend", "Backend\SpotiDialBackend.csproj", "{42D79929-9BAB-1FA1-89C8-2A73004E86D3}"
EndProject
Global
	GlobalSection(SolutionConfigurationPlatforms) = preSolution
		Debug|Any CPU = Debug|Any CPU
		Release|Any CPU = Release|Any CPU
	EndGlobalSection
	GlobalSection(ProjectConfigurationPlatforms) = postSolution
		{42D79929-9BAB-1FA1-89C8-2A73004E86D3}.Debug|Any CPU.ActiveCfg = Debug|Any CPU
		{42D79929-9BAB-1FA1-89C8-2A73004E86D3}.Debug|Any CPU.Build.0 = Debug|Any CPU
		{42D79929-9BAB-1FA1-89C8-2A73004E86D3}.Release|Any CPU.ActiveCfg = Release|Any CPU
		{42D79929-9BAB-1FA1-89C8-2A73004E86D3}.Release|Any CPU.Build.0 = Release|Any CPU
	EndGlobalSection
	GlobalSection(SolutionProperties) = preSolution
		HideSolutionNode = FALSE
	EndGlobalSection
	GlobalSection(ExtensibilityGlobals) = postSolution
		SolutionGuid = {C3E14557-ECF5-45C0-8025-C68D308B8E1F}
	EndGlobalSection
EndGlobal
